// !$*UTF8*$!
{
	archiveVersion = 1;
	classes = {
	};
	objectVersion = 50;
	objects = {

/* Begin PBXBuildFile section */
		723928C3292D856B00BC5D32 /* AppDelegate.swift in Sources */ = {isa = PBXBuildFile; fileRef = 723928C2292D856B00BC5D32 /* AppDelegate.swift */; };
		723928C5292D856B00BC5D32 /* SceneDelegate.swift in Sources */ = {isa = PBXBuildFile; fileRef = 723928C4292D856B00BC5D32 /* SceneDelegate.swift */; };
		723928CA292D856B00BC5D32 /* Main.storyboard in Resources */ = {isa = PBXBuildFile; fileRef = 723928C8292D856B00BC5D32 /* Main.storyboard */; };
		723928CC292D857700BC5D32 /* Assets.xcassets in Resources */ = {isa = PBXBuildFile; fileRef = 723928CB292D857700BC5D32 /* Assets.xcassets */; };
		723928CF292D857700BC5D32 /* LaunchScreen.storyboard in Resources */ = {isa = PBXBuildFile; fileRef = 723928CD292D857700BC5D32 /* LaunchScreen.storyboard */; };
		723928DA292D85E700BC5D32 /* App.swift in Sources */ = {isa = PBXBuildFile; fileRef = 723928D9292D85E700BC5D32 /* App.swift */; };
		723928DE292D85F900BC5D32 /* Service.swift in Sources */ = {isa = PBXBuildFile; fileRef = 723928DD292D85F900BC5D32 /* Service.swift */; };
		723928E6292D860E00BC5D32 /* UIView.swift in Sources */ = {isa = PBXBuildFile; fileRef = 723928E1292D860E00BC5D32 /* UIView.swift */; };
		723928E7292D860E00BC5D32 /* UIColor.swift in Sources */ = {isa = PBXBuildFile; fileRef = 723928E2292D860E00BC5D32 /* UIColor.swift */; };
		723928E8292D860E00BC5D32 /* UIButton.swift in Sources */ = {isa = PBXBuildFile; fileRef = 723928E3292D860E00BC5D32 /* UIButton.swift */; };
		723928E9292D860E00BC5D32 /* UIImageView.swift in Sources */ = {isa = PBXBuildFile; fileRef = 723928E4292D860E00BC5D32 /* UIImageView.swift */; };
		723928EA292D860E00BC5D32 /* UILabel.swift in Sources */ = {isa = PBXBuildFile; fileRef = 723928E5292D860E00BC5D32 /* UILabel.swift */; };
		723928EF292D863200BC5D32 /* SearchCell.swift in Sources */ = {isa = PBXBuildFile; fileRef = 723928EE292D863200BC5D32 /* SearchCell.swift */; };
		723928F5292D864D00BC5D32 /* SearchVC.swift in Sources */ = {isa = PBXBuildFile; fileRef = 723928F3292D864D00BC5D32 /* SearchVC.swift */; };
		723928F6292D864D00BC5D32 /* BaseTabBarVC.swift in Sources */ = {isa = PBXBuildFile; fileRef = 723928F4292D864D00BC5D32 /* BaseTabBarVC.swift */; };
/* End PBXBuildFile section */

/* Begin PBXFileReference section */
		723928BF292D856B00BC5D32 /* AppStoreClone.app */ = {isa = PBXFileReference; explicitFileType = wrapper.application; includeInIndex = 0; path = AppStoreClone.app; sourceTree = BUILT_PRODUCTS_DIR; };
		723928C2292D856B00BC5D32 /* AppDelegate.swift */ = {isa = PBXFileReference; lastKnownFileType = sourcecode.swift; path = AppDelegate.swift; sourceTree = "<group>"; };
		723928C4292D856B00BC5D32 /* SceneDelegate.swift */ = {isa = PBXFileReference; lastKnownFileType = sourcecode.swift; path = SceneDelegate.swift; sourceTree = "<group>"; };
		723928C9292D856B00BC5D32 /* Base */ = {isa = PBXFileReference; lastKnownFileType = file.storyboard; name = Base; path = Base.lproj/Main.storyboard; sourceTree = "<group>"; };
		723928CB292D857700BC5D32 /* Assets.xcassets */ = {isa = PBXFileReference; lastKnownFileType = folder.assetcatalog; path = Assets.xcassets; sourceTree = "<group>"; };
		723928CE292D857700BC5D32 /* Base */ = {isa = PBXFileReference; lastKnownFileType = file.storyboard; name = Base; path = Base.lproj/LaunchScreen.storyboard; sourceTree = "<group>"; };
		723928D0292D857700BC5D32 /* Info.plist */ = {isa = PBXFileReference; lastKnownFileType = text.plist.xml; path = Info.plist; sourceTree = "<group>"; };
		723928D9292D85E700BC5D32 /* App.swift */ = {isa = PBXFileReference; fileEncoding = 4; lastKnownFileType = sourcecode.swift; path = App.swift; sourceTree = "<group>"; };
		723928DD292D85F900BC5D32 /* Service.swift */ = {isa = PBXFileReference; fileEncoding = 4; lastKnownFileType = sourcecode.swift; path = Service.swift; sourceTree = "<group>"; };
		723928E1292D860E00BC5D32 /* UIView.swift */ = {isa = PBXFileReference; fileEncoding = 4; lastKnownFileType = sourcecode.swift; path = UIView.swift; sourceTree = "<group>"; };
		723928E2292D860E00BC5D32 /* UIColor.swift */ = {isa = PBXFileReference; fileEncoding = 4; lastKnownFileType = sourcecode.swift; path = UIColor.swift; sourceTree = "<group>"; };
		723928E3292D860E00BC5D32 /* UIButton.swift */ = {isa = PBXFileReference; fileEncoding = 4; lastKnownFileType = sourcecode.swift; path = UIButton.swift; sourceTree = "<group>"; };
		723928E4292D860E00BC5D32 /* UIImageView.swift */ = {isa = PBXFileReference; fileEncoding = 4; lastKnownFileType = sourcecode.swift; path = UIImageView.swift; sourceTree = "<group>"; };
		723928E5292D860E00BC5D32 /* UILabel.swift */ = {isa = PBXFileReference; fileEncoding = 4; lastKnownFileType = sourcecode.swift; path = UILabel.swift; sourceTree = "<group>"; };
		723928EE292D863200BC5D32 /* SearchCell.swift */ = {isa = PBXFileReference; fileEncoding = 4; lastKnownFileType = sourcecode.swift; path = SearchCell.swift; sourceTree = "<group>"; };
		723928F3292D864D00BC5D32 /* SearchVC.swift */ = {isa = PBXFileReference; fileEncoding = 4; lastKnownFileType = sourcecode.swift; path = SearchVC.swift; sourceTree = "<group>"; };
		723928F4292D864D00BC5D32 /* BaseTabBarVC.swift */ = {isa = PBXFileReference; fileEncoding = 4; lastKnownFileType = sourcecode.swift; path = BaseTabBarVC.swift; sourceTree = "<group>"; };
/* End PBXFileReference section */

/* Begin PBXFrameworksBuildPhase section */
		723928BC292D856B00BC5D32 /* Frameworks */ = {
			isa = PBXFrameworksBuildPhase;
			buildActionMask = 2147483647;
			files = (
			);
			runOnlyForDeploymentPostprocessing = 0;
		};
/* End PBXFrameworksBuildPhase section */

/* Begin PBXGroup section */
		723928B6292D856B00BC5D32 = {
			isa = PBXGroup;
			children = (
				723928C1292D856B00BC5D32 /* AppStoreClone */,
				723928C0292D856B00BC5D32 /* Products */,
			);
			sourceTree = "<group>";
		};
		723928C0292D856B00BC5D32 /* Products */ = {
			isa = PBXGroup;
			children = (
				723928BF292D856B00BC5D32 /* AppStoreClone.app */,
			);
			name = Products;
			sourceTree = "<group>";
		};
		723928C1292D856B00BC5D32 /* AppStoreClone */ = {
			isa = PBXGroup;
			children = (
				723928D8292D85E700BC5D32 /* Model */,
				723928DC292D85F900BC5D32 /* Service */,
				723928E0292D860E00BC5D32 /* Lib */,
				723928EC292D863200BC5D32 /* View */,
				723928F1292D864D00BC5D32 /* Controller */,
				723928C2292D856B00BC5D32 /* AppDelegate.swift */,
				723928C4292D856B00BC5D32 /* SceneDelegate.swift */,
				723928C8292D856B00BC5D32 /* Main.storyboard */,
				723928CB292D857700BC5D32 /* Assets.xcassets */,
				723928CD292D857700BC5D32 /* LaunchScreen.storyboard */,
				723928D0292D857700BC5D32 /* Info.plist */,
			);
			path = AppStoreClone;
			sourceTree = "<group>";
		};
		723928D8292D85E700BC5D32 /* Model */ = {
			isa = PBXGroup;
			children = (
				723928D9292D85E700BC5D32 /* App.swift */,
			);
			path = Model;
			sourceTree = "<group>";
		};
		723928DC292D85F900BC5D32 /* Service */ = {
			isa = PBXGroup;
			children = (
				723928DD292D85F900BC5D32 /* Service.swift */,
			);
			path = Service;
			sourceTree = "<group>";
		};
		723928E0292D860E00BC5D32 /* Lib */ = {
			isa = PBXGroup;
			children = (
				723928E1292D860E00BC5D32 /* UIView.swift */,
				723928E2292D860E00BC5D32 /* UIColor.swift */,
				723928E3292D860E00BC5D32 /* UIButton.swift */,
				723928E4292D860E00BC5D32 /* UIImageView.swift */,
				723928E5292D860E00BC5D32 /* UILabel.swift */,
			);
			path = Lib;
			sourceTree = "<group>";
		};
		723928EC292D863200BC5D32 /* View */ = {
			isa = PBXGroup;
			children = (
				723928ED292D863200BC5D32 /* Search */,
			);
			path = View;
			sourceTree = "<group>";
		};
		723928ED292D863200BC5D32 /* Search */ = {
			isa = PBXGroup;
			children = (
				723928EE292D863200BC5D32 /* SearchCell.swift */,
			);
			path = Search;
			sourceTree = "<group>";
		};
		723928F1292D864D00BC5D32 /* Controller */ = {
			isa = PBXGroup;
			children = (
				723928F2292D864D00BC5D32 /* Search */,
				723928F4292D864D00BC5D32 /* BaseTabBarVC.swift */,
			);
			path = Controller;
			sourceTree = "<group>";
		};
		723928F2292D864D00BC5D32 /* Search */ = {
			isa = PBXGroup;
			children = (
				723928F3292D864D00BC5D32 /* SearchVC.swift */,
			);
			path = Search;
			sourceTree = "<group>";
		};
/* End PBXGroup section */

/* Begin PBXNativeTarget section */
		723928BE292D856B00BC5D32 /* AppStoreClone */ = {
			isa = PBXNativeTarget;
			buildConfigurationList = 723928D3292D857700BC5D32 /* Build configuration list for PBXNativeTarget "AppStoreClone" */;
			buildPhases = (
				723928BB292D856B00BC5D32 /* Sources */,
				723928BC292D856B00BC5D32 /* Frameworks */,
				723928BD292D856B00BC5D32 /* Resources */,
			);
			buildRules = (
			);
			dependencies = (
			);
			name = AppStoreClone;
			productName = AppStoreClone;
			productReference = 723928BF292D856B00BC5D32 /* AppStoreClone.app */;
			productType = "com.apple.product-type.application";
		};
/* End PBXNativeTarget section */

/* Begin PBXProject section */
		723928B7292D856B00BC5D32 /* Project object */ = {
			isa = PBXProject;
			attributes = {
				LastSwiftUpdateCheck = 1240;
				LastUpgradeCheck = 1240;
				TargetAttributes = {
					723928BE292D856B00BC5D32 = {
						CreatedOnToolsVersion = 12.4;
					};
				};
			};
			buildConfigurationList = 723928BA292D856B00BC5D32 /* Build configuration list for PBXProject "AppStoreClone" */;
			compatibilityVersion = "Xcode 9.3";
			developmentRegion = en;
			hasScannedForEncodings = 0;
			knownRegions = (
				en,
				Base,
			);
			mainGroup = 723928B6292D856B00BC5D32;
			productRefGroup = 723928C0292D856B00BC5D32 /* Products */;
			projectDirPath = "";
			projectRoot = "";
			targets = (
				723928BE292D856B00BC5D32 /* AppStoreClone */,
			);
		};
/* End PBXProject section */

/* Begin PBXResourcesBuildPhase section */
		723928BD292D856B00BC5D32 /* Resources */ = {
			isa = PBXResourcesBuildPhase;
			buildActionMask = 2147483647;
			files = (
				723928CF292D857700BC5D32 /* LaunchScreen.storyboard in Resources */,
				723928CC292D857700BC5D32 /* Assets.xcassets in Resources */,
				723928CA292D856B00BC5D32 /* Main.storyboard in Resources */,
			);
			runOnlyForDeploymentPostprocessing = 0;
		};
/* End PBXResourcesBuildPhase section */

/* Begin PBXSourcesBuildPhase section */
		723928BB292D856B00BC5D32 /* Sources */ = {
			isa = PBXSourcesBuildPhase;
			buildActionMask = 2147483647;
			files = (
				723928F5292D864D00BC5D32 /* SearchVC.swift in Sources */,
				723928EA292D860E00BC5D32 /* UILabel.swift in Sources */,
				723928F6292D864D00BC5D32 /* BaseTabBarVC.swift in Sources */,
				723928EF292D863200BC5D32 /* SearchCell.swift in Sources */,
				723928E9292D860E00BC5D32 /* UIImageView.swift in Sources */,
				723928E7292D860E00BC5D32 /* UIColor.swift in Sources */,
				723928DA292D85E700BC5D32 /* App.swift in Sources */,
				723928E8292D860E00BC5D32 /* UIButton.swift in Sources */,
				723928DE292D85F900BC5D32 /* Service.swift in Sources */,
				723928C3292D856B00BC5D32 /* AppDelegate.swift in Sources */,
				723928E6292D860E00BC5D32 /* UIView.swift in Sources */,
				723928C5292D856B00BC5D32 /* SceneDelegate.swift in Sources */,
			);
			runOnlyForDeploymentPostprocessing = 0;
		};
/* End PBXSourcesBuildPhase section */

/* Begin PBXVariantGroup section */
		723928C8292D856B00BC5D32 /* Main.storyboard */ = {
			isa = PBXVariantGroup;
			children = (
				723928C9292D856B00BC5D32 /* Base */,
			);
			name = Main.storyboard;
			sourceTree = "<group>";
		};
		723928CD292D857700BC5D32 /* LaunchScreen.storyboard */ = {
			isa = PBXVariantGroup;
			children = (
				723928CE292D857700BC5D32 /* Base */,
			);
			name = LaunchScreen.storyboard;
			sourceTree = "<group>";
		};
/* End PBXVariantGroup section */

/* Begin XCBuildConfiguration section */
		723928D1292D857700BC5D32 /* Debug */ = {
			isa = XCBuildConfiguration;
			buildSettings = {
				ALWAYS_SEARCH_USER_PATHS = NO;
				CLANG_ANALYZER_NONNULL = YES;
				CLANG_ANALYZER_NUMBER_OBJECT_CONVERSION = YES_AGGRESSIVE;
				CLANG_CXX_LANGUAGE_STANDARD = "gnu++14";
				CLANG_CXX_LIBRARY = "libc++";
				CLANG_ENABLE_MODULES = YES;
				CLANG_ENABLE_OBJC_ARC = YES;
				CLANG_ENABLE_OBJC_WEAK = YES;
				CLANG_WARN_BLOCK_CAPTURE_AUTORELEASING = YES;
				CLANG_WARN_BOOL_CONVERSION = YES;
				CLANG_WARN_COMMA = YES;
				CLANG_WARN_CONSTANT_CONVERSION = YES;
				CLANG_WARN_DEPRECATED_OBJC_IMPLEMENTATIONS = YES;
				CLANG_WARN_DIRECT_OBJC_ISA_USAGE = YES_ERROR;
				CLANG_WARN_DOCUMENTATION_COMMENTS = YES;
				CLANG_WARN_EMPTY_BODY = YES;
				CLANG_WARN_ENUM_CONVERSION = YES;
				CLANG_WARN_INFINITE_RECURSION = YES;
				CLANG_WARN_INT_CONVERSION = YES;
				CLANG_WARN_NON_LITERAL_NULL_CONVERSION = YES;
				CLANG_WARN_OBJC_IMPLICIT_RETAIN_SELF = YES;
				CLANG_WARN_OBJC_LITERAL_CONVERSION = YES;
				CLANG_WARN_OBJC_ROOT_CLASS = YES_ERROR;
				CLANG_WARN_QUOTED_INCLUDE_IN_FRAMEWORK_HEADER = YES;
				CLANG_WARN_RANGE_LOOP_ANALYSIS = YES;
				CLANG_WARN_STRICT_PROTOTYPES = YES;
				CLANG_WARN_SUSPICIOUS_MOVE = YES;
				CLANG_WARN_UNGUARDED_AVAILABILITY = YES_AGGRESSIVE;
				CLANG_WARN_UNREACHABLE_CODE = YES;
				CLANG_WARN__DUPLICATE_METHOD_MATCH = YES;
				COPY_PHASE_STRIP = NO;
				DEBUG_INFORMATION_FORMAT = dwarf;
				ENABLE_STRICT_OBJC_MSGSEND = YES;
				ENABLE_TESTABILITY = YES;
				GCC_C_LANGUAGE_STANDARD = gnu11;
				GCC_DYNAMIC_NO_PIC = NO;
				GCC_NO_COMMON_BLOCKS = YES;
				GCC_OPTIMIZATION_LEVEL = 0;
				GCC_PREPROCESSOR_DEFINITIONS = (
					"DEBUG=1",
					"$(inherited)",
				);
				GCC_WARN_64_TO_32_BIT_CONVERSION = YES;
				GCC_WARN_ABOUT_RETURN_TYPE = YES_ERROR;
				GCC_WARN_UNDECLARED_SELECTOR = YES;
				GCC_WARN_UNINITIALIZED_AUTOS = YES_AGGRESSIVE;
				GCC_WARN_UNUSED_FUNCTION = YES;
				GCC_WARN_UNUSED_VARIABLE = YES;
				IPHONEOS_DEPLOYMENT_TARGET = 14.4;
				MTL_ENABLE_DEBUG_INFO = INCLUDE_SOURCE;
				MTL_FAST_MATH = YES;
				ONLY_ACTIVE_ARCH = YES;
				SDKROOT = iphoneos;
				SWIFT_ACTIVE_COMPILATION_CONDITIONS = DEBUG;
				SWIFT_OPTIMIZATION_LEVEL = "-Onone";
			};
			name = Debug;
		};
		723928D2292D857700BC5D32 /* Release */ = {
			isa = XCBuildConfiguration;
			buildSettings = {
				ALWAYS_SEARCH_USER_PATHS = NO;
				CLANG_ANALYZER_NONNULL = YES;
				CLANG_ANALYZER_NUMBER_OBJECT_CONVERSION = YES_AGGRESSIVE;
				CLANG_CXX_LANGUAGE_STANDARD = "gnu++14";
				CLANG_CXX_LIBRARY = "libc++";
				CLANG_ENABLE_MODULES = YES;
				CLANG_ENABLE_OBJC_ARC = YES;
				CLANG_ENABLE_OBJC_WEAK = YES;
				CLANG_WARN_BLOCK_CAPTURE_AUTORELEASING = YES;
				CLANG_WARN_BOOL_CONVERSION = YES;
				CLANG_WARN_COMMA = YES;
				CLANG_WARN_CONSTANT_CONVERSION = YES;
				CLANG_WARN_DEPRECATED_OBJC_IMPLEMENTATIONS = YES;
				CLANG_WARN_DIRECT_OBJC_ISA_USAGE = YES_ERROR;
				CLANG_WARN_DOCUMENTATION_COMMENTS = YES;
				CLANG_WARN_EMPTY_BODY = YES;
				CLANG_WARN_ENUM_CONVERSION = YES;
				CLANG_WARN_INFINITE_RECURSION = YES;
				CLANG_WARN_INT_CONVERSION = YES;
				CLANG_WARN_NON_LITERAL_NULL_CONVERSION = YES;
				CLANG_WARN_OBJC_IMPLICIT_RETAIN_SELF = YES;
				CLANG_WARN_OBJC_LITERAL_CONVERSION = YES;
				CLANG_WARN_OBJC_ROOT_CLASS = YES_ERROR;
				CLANG_WARN_QUOTED_INCLUDE_IN_FRAMEWORK_HEADER = YES;
				CLANG_WARN_RANGE_LOOP_ANALYSIS = YES;
				CLANG_WARN_STRICT_PROTOTYPES = YES;
				CLANG_WARN_SUSPICIOUS_MOVE = YES;
				CLANG_WARN_UNGUARDED_AVAILABILITY = YES_AGGRESSIVE;
				CLANG_WARN_UNREACHABLE_CODE = YES;
				CLANG_WARN__DUPLICATE_METHOD_MATCH = YES;
				COPY_PHASE_STRIP = NO;
				DEBUG_INFORMATION_FORMAT = "dwarf-with-dsym";
				ENABLE_NS_ASSERTIONS = NO;
				ENABLE_STRICT_OBJC_MSGSEND = YES;
				GCC_C_LANGUAGE_STANDARD = gnu11;
				GCC_NO_COMMON_BLOCKS = YES;
				GCC_WARN_64_TO_32_BIT_CONVERSION = YES;
				GCC_WARN_ABOUT_RETURN_TYPE = YES_ERROR;
				GCC_WARN_UNDECLARED_SELECTOR = YES;
				GCC_WARN_UNINITIALIZED_AUTOS = YES_AGGRESSIVE;
				GCC_WARN_UNUSED_FUNCTION = YES;
				GCC_WARN_UNUSED_VARIABLE = YES;
				IPHONEOS_DEPLOYMENT_TARGET = 14.4;
				MTL_ENABLE_DEBUG_INFO = NO;
				MTL_FAST_MATH = YES;
				SDKROOT = iphoneos;
				SWIFT_COMPILATION_MODE = wholemodule;
				SWIFT_OPTIMIZATION_LEVEL = "-O";
				VALIDATE_PRODUCT = YES;
			};
			name = Release;
		};
		723928D4292D857700BC5D32 /* Debug */ = {
			isa = XCBuildConfiguration;
			buildSettings = {
				ASSETCATALOG_COMPILER_APPICON_NAME = AppIcon;
				ASSETCATALOG_COMPILER_GLOBAL_ACCENT_COLOR_NAME = AccentColor;
				CODE_SIGN_STYLE = Automatic;
				DEVELOPMENT_TEAM = GAQ2W7K69R;
				INFOPLIST_FILE = AppStoreClone/Info.plist;
				LD_RUNPATH_SEARCH_PATHS = (
					"$(inherited)",
					"@executable_path/Frameworks",
				);
				PRODUCT_BUNDLE_IDENTIFIER = com.raywenderlich.AppStoreClone;
				PRODUCT_NAME = "$(TARGET_NAME)";
				SWIFT_VERSION = 5.0;
				TARGETED_DEVICE_FAMILY = "1,2";
			};
			name = Debug;
		};
		723928D5292D857700BC5D32 /* Release */ = {
			isa = XCBuildConfiguration;
			buildSettings = {
				ASSETCATALOG_COMPILER_APPICON_NAME = AppIcon;
				ASSETCATALOG_COMPILER_GLOBAL_ACCENT_COLOR_NAME = AccentColor;
				CODE_SIGN_STYLE = Automatic;
				DEVELOPMENT_TEAM = GAQ2W7K69R;
				INFOPLIST_FILE = AppStoreClone/Info.plist;
				LD_RUNPATH_SEARCH_PATHS = (
					"$(inherited)",
					"@executable_path/Frameworks",
				);
				PRODUCT_BUNDLE_IDENTIFIER = com.raywenderlich.AppStoreClone;
				PRODUCT_NAME = "$(TARGET_NAME)";
				SWIFT_VERSION = 5.0;
				TARGETED_DEVICE_FAMILY = "1,2";
			};
			name = Release;
		};
/* End XCBuildConfiguration section */

/* Begin XCConfigurationList section */
		723928BA292D856B00BC5D32 /* Build configuration list for PBXProject "AppStoreClone" */ = {
			isa = XCConfigurationList;
			buildConfigurations = (
				723928D1292D857700BC5D32 /* Debug */,
				723928D2292D857700BC5D32 /* Release */,
			);
			defaultConfigurationIsVisible = 0;
			defaultConfigurationName = Release;
		};
		723928D3292D857700BC5D32 /* Build configuration list for PBXNativeTarget "AppStoreClone" */ = {
			isa = XCConfigurationList;
			buildConfigurations = (
				723928D4292D857700BC5D32 /* Debug */,
				723928D5292D857700BC5D32 /* Release */,
			);
			defaultConfigurationIsVisible = 0;
			defaultConfigurationName = Release;
		};
/* End XCConfigurationList section */
	};
	rootObject = 723928B7292D856B00BC5D32 /* Project object */;
}
